
Microsoft Visual Studio Solution File, Format Version 12.00
# Visual Studio 14
VisualStudioVersion = 14.0.24720.0
MinimumVisualStudioVersion = 10.0.40219.1
Project("{FAE04EC0-301F-11D3-BF4B-00C04F79EFBC}") = "RecipeCalculator", "RecipeCalculator\RecipeCalculator.csproj", "{2AA0A167-D914-49C7-BB3C-FAAB698CD6E1}"
EndProject
Project("{FAE04EC0-301F-11D3-BF4B-00C04F79EFBC}") = "RecipeCalculator.tests", "RecipeCalculator.tests\RecipeCalculator.tests.csproj", "{3281A552-21F3-4377-92A8-C870D5E21389}"
EndProject
Global
	GlobalSection(SolutionConfigurationPlatforms) = preSolution
		Debug|Any CPU = Debug|Any CPU
		Release|Any CPU = Release|Any CPU
	EndGlobalSection
	GlobalSection(ProjectConfigurationPlatforms) = postSolution
		{2AA0A167-D914-49C7-BB3C-FAAB698CD6E1}.Debug|Any CPU.ActiveCfg = Debug|Any CPU
		{2AA0A167-D914-49C7-BB3C-FAAB698CD6E1}.Debug|Any CPU.Build.0 = Debug|Any CPU
		{2AA0A167-D914-49C7-BB3C-FAAB698CD6E1}.Release|Any CPU.ActiveCfg = Release|Any CPU
		{2AA0A167-D914-49C7-BB3C-FAAB698CD6E1}.Release|Any CPU.Build.0 = Release|Any CPU
		{3281A552-21F3-4377-92A8-C870D5E21389}.Debug|Any CPU.ActiveCfg = Debug|Any CPU
		{3281A552-21F3-4377-92A8-C870D5E21389}.Debug|Any CPU.Build.0 = Debug|Any CPU
		{3281A552-21F3-4377-92A8-C870D5E21389}.Release|Any CPU.ActiveCfg = Release|Any CPU
		{3281A552-21F3-4377-92A8-C870D5E21389}.Release|Any CPU.Build.0 = Release|Any CPU
	EndGlobalSection
	GlobalSection(SolutionProperties) = preSolution
		HideSolutionNode = FALSE
	EndGlobalSection
EndGlobal
